PODS:
  - Alamofire (4.4.0)
  - ESPullToRefresh (2.6)
  - HandyJSON (1.7.1)
  - Realm (2.7.0):
    - Realm/Headers (= 2.7.0)
  - Realm/Headers (2.7.0)
  - RealmSwift (2.7.0):
    - Realm (= 2.7.0)
  - SnapKit (3.2.0)
  - SwiftDate (4.1.2)

DEPENDENCIES:
  - Alamofire (~> 4.4)
  - ESPullToRefresh (~> 2.6)
  - HandyJSON (~> 1.7.1)
  - RealmSwift (~> 2.7.0)
  - SnapKit (~> 3.2.0)
  - SwiftDate (~> 4.1.2)

SPEC CHECKSUMS:
  Alamofire: dc44b1600b800eb63da6a19039a0083d62a6a62d
  ESPullToRefresh: 85f4990acf87f78c6a1466bbbee7a75d7de24db9
  HandyJSON: 54b6ce942795f7b2e61b82fe73cf25d9f139d125
  Realm: 07e5d3a9e0e41d65fd5f9f05150ed6295d0f093b
  RealmSwift: 6d06425d3900c86473c4f323bf6949b43fca22bc
  SnapKit: 1ca44df72cfa543218d177cb8aab029d10d86ea7
  SwiftDate: 2dfdebd4f67ae71c9c3e2413ee3c56947f302858

PODFILE CHECKSUM: b32564b9d649db8cfdc730dbe7fb93d65105fd9d

COCOAPODS: 1.2.1
