PODS:
  - Alamofire (4.4.0)
  - ESPullToRefresh (2.6)
  - Firebase/AdMob (4.0.2):
    - Firebase/Core
    - Google-Mobile-Ads-SDK (= 7.20.0)
  - Firebase/Core (4.0.2):
    - FirebaseAnalytics (= 4.0.1)
    - FirebaseCore (= 4.0.2)
  - FirebaseAnalytics (4.0.1):
    - FirebaseCore (~> 4.0)
    - FirebaseInstanceID (~> 2.0)
    - GoogleToolboxForMac/NSData+zlib (~> 2.1)
  - FirebaseCore (4.0.2):
    - GoogleToolboxForMac/NSData+zlib (~> 2.1)
  - FirebaseInstanceID (2.0.0):
    - FirebaseCore (~> 4.0)
  - Google-Mobile-Ads-SDK (7.20.0)
  - GoogleToolboxForMac/Defines (2.1.1)
  - GoogleToolboxForMac/NSData+zlib (2.1.1):
    - GoogleToolboxForMac/Defines (= 2.1.1)
  - HandyJSON (1.7.1)
  - Realm (2.7.0):
    - Realm/Headers (= 2.7.0)
  - Realm/Headers (2.7.0)
  - RealmSwift (2.7.0):
    - Realm (= 2.7.0)
  - SnapKit (3.2.0)
  - SwiftDate (4.1.2)

DEPENDENCIES:
  - Alamofire (~> 4.4)
  - ESPullToRefresh (~> 2.6)
  - Firebase/AdMob
  - Firebase/Core
  - HandyJSON (~> 1.7.1)
  - RealmSwift (~> 2.7.0)
  - SnapKit (~> 3.2.0)
  - SwiftDate (~> 4.1.2)

SPEC CHECKSUMS:
  Alamofire: dc44b1600b800eb63da6a19039a0083d62a6a62d
  ESPullToRefresh: 85f4990acf87f78c6a1466bbbee7a75d7de24db9
  Firebase: c7ad0731eab26d18a3fc547dd048b0f7cd9c63ae
  FirebaseAnalytics: 4d7040fefc3cd8b291cde35f12cf063d7963f15d
  FirebaseCore: 1a8bf6c795ad07d2918278657954ffd2552e9c17
  FirebaseInstanceID: 9fbf536668f4d3f0880e7438456dabd1376e294b
  Google-Mobile-Ads-SDK: 168312cdc167fa22746d4ea8e839fc4825dd2966
  GoogleToolboxForMac: 8e329f1b599f2512c6b10676d45736bcc2cbbeb0
  HandyJSON: 54b6ce942795f7b2e61b82fe73cf25d9f139d125
  Realm: 07e5d3a9e0e41d65fd5f9f05150ed6295d0f093b
  RealmSwift: 6d06425d3900c86473c4f323bf6949b43fca22bc
  SnapKit: 1ca44df72cfa543218d177cb8aab029d10d86ea7
  SwiftDate: 2dfdebd4f67ae71c9c3e2413ee3c56947f302858

PODFILE CHECKSUM: cebd411423b568090c1af3a67cde08d4bbfacb83

COCOAPODS: 1.2.1
