// !$*UTF8*$!
{
	archiveVersion = 1;
	classes = {
	};
	objectVersion = 46;
	objects = {

/* Begin PBXBuildFile section */
		BC34F10F1EF0D97E005D1332 /* AppDelegate.swift in Sources */ = {isa = PBXBuildFile; fileRef = BC34F10E1EF0D97E005D1332 /* AppDelegate.swift */; };
		BC34F1111EF0D97E005D1332 /* ViewController.swift in Sources */ = {isa = PBXBuildFile; fileRef = BC34F1101EF0D97E005D1332 /* ViewController.swift */; };
		BC34F1141EF0D97E005D1332 /* Main.storyboard in Resources */ = {isa = PBXBuildFile; fileRef = BC34F1121EF0D97E005D1332 /* Main.storyboard */; };
		BC34F1161EF0D97E005D1332 /* Assets.xcassets in Resources */ = {isa = PBXBuildFile; fileRef = BC34F1151EF0D97E005D1332 /* Assets.xcassets */; };
		BC34F1191EF0D97E005D1332 /* LaunchScreen.storyboard in Resources */ = {isa = PBXBuildFile; fileRef = BC34F1171EF0D97E005D1332 /* LaunchScreen.storyboard */; };
		BC34F1241EF0D97E005D1332 /* MSReadhubTests.swift in Sources */ = {isa = PBXBuildFile; fileRef = BC34F1231EF0D97E005D1332 /* MSReadhubTests.swift */; };
		BC34F12F1EF0D97E005D1332 /* MSReadhubUITests.swift in Sources */ = {isa = PBXBuildFile; fileRef = BC34F12E1EF0D97E005D1332 /* MSReadhubUITests.swift */; };
/* End PBXBuildFile section */

/* Begin PBXContainerItemProxy section */
		BC34F1201EF0D97E005D1332 /* PBXContainerItemProxy */ = {
			isa = PBXContainerItemProxy;
			containerPortal = BC34F1031EF0D97E005D1332 /* Project object */;
			proxyType = 1;
			remoteGlobalIDString = BC34F10A1EF0D97E005D1332;
			remoteInfo = MSReadhub;
		};
		BC34F12B1EF0D97E005D1332 /* PBXContainerItemProxy */ = {
			isa = PBXContainerItemProxy;
			containerPortal = BC34F1031EF0D97E005D1332 /* Project object */;
			proxyType = 1;
			remoteGlobalIDString = BC34F10A1EF0D97E005D1332;
			remoteInfo = MSReadhub;
		};
/* End PBXContainerItemProxy section */

/* Begin PBXFileReference section */
		BC34F10B1EF0D97E005D1332 /* MSReadhub.app */ = {isa = PBXFileReference; explicitFileType = wrapper.application; includeInIndex = 0; path = MSReadhub.app; sourceTree = BUILT_PRODUCTS_DIR; };
		BC34F10E1EF0D97E005D1332 /* AppDelegate.swift */ = {isa = PBXFileReference; lastKnownFileType = sourcecode.swift; path = AppDelegate.swift; sourceTree = "<group>"; };
		BC34F1101EF0D97E005D1332 /* ViewController.swift */ = {isa = PBXFileReference; lastKnownFileType = sourcecode.swift; path = ViewController.swift; sourceTree = "<group>"; };
		BC34F1131EF0D97E005D1332 /* Base */ = {isa = PBXFileReference; lastKnownFileType = file.storyboard; name = Base; path = Base.lproj/Main.storyboard; sourceTree = "<group>"; };
		BC34F1151EF0D97E005D1332 /* Assets.xcassets */ = {isa = PBXFileReference; lastKnownFileType = folder.assetcatalog; path = Assets.xcassets; sourceTree = "<group>"; };
		BC34F1181EF0D97E005D1332 /* Base */ = {isa = PBXFileReference; lastKnownFileType = file.storyboard; name = Base; path = Base.lproj/LaunchScreen.storyboard; sourceTree = "<group>"; };
		BC34F11A1EF0D97E005D1332 /* Info.plist */ = {isa = PBXFileReference; lastKnownFileType = text.plist.xml; path = Info.plist; sourceTree = "<group>"; };
		BC34F11F1EF0D97E005D1332 /* MSReadhubTests.xctest */ = {isa = PBXFileReference; explicitFileType = wrapper.cfbundle; includeInIndex = 0; path = MSReadhubTests.xctest; sourceTree = BUILT_PRODUCTS_DIR; };
		BC34F1231EF0D97E005D1332 /* MSReadhubTests.swift */ = {isa = PBXFileReference; lastKnownFileType = sourcecode.swift; path = MSReadhubTests.swift; sourceTree = "<group>"; };
		BC34F1251EF0D97E005D1332 /* Info.plist */ = {isa = PBXFileReference; lastKnownFileType = text.plist.xml; path = Info.plist; sourceTree = "<group>"; };
		BC34F12A1EF0D97E005D1332 /* MSReadhubUITests.xctest */ = {isa = PBXFileReference; explicitFileType = wrapper.cfbundle; includeInIndex = 0; path = MSReadhubUITests.xctest; sourceTree = BUILT_PRODUCTS_DIR; };
		BC34F12E1EF0D97E005D1332 /* MSReadhubUITests.swift */ = {isa = PBXFileReference; lastKnownFileType = sourcecode.swift; path = MSReadhubUITests.swift; sourceTree = "<group>"; };
		BC34F1301EF0D97E005D1332 /* Info.plist */ = {isa = PBXFileReference; lastKnownFileType = text.plist.xml; path = Info.plist; sourceTree = "<group>"; };
/* End PBXFileReference section */

/* Begin PBXFrameworksBuildPhase section */
		BC34F1081EF0D97E005D1332 /* Frameworks */ = {
			isa = PBXFrameworksBuildPhase;
			buildActionMask = 2147483647;
			files = (
			);
			runOnlyForDeploymentPostprocessing = 0;
		};
		BC34F11C1EF0D97E005D1332 /* Frameworks */ = {
			isa = PBXFrameworksBuildPhase;
			buildActionMask = 2147483647;
			files = (
			);
			runOnlyForDeploymentPostprocessing = 0;
		};
		BC34F1271EF0D97E005D1332 /* Frameworks */ = {
			isa = PBXFrameworksBuildPhase;
			buildActionMask = 2147483647;
			files = (
			);
			runOnlyForDeploymentPostprocessing = 0;
		};
/* End PBXFrameworksBuildPhase section */

/* Begin PBXGroup section */
		BC34F1021EF0D97E005D1332 = {
			isa = PBXGroup;
			children = (
				BC34F10D1EF0D97E005D1332 /* MSReadhub */,
				BC34F1221EF0D97E005D1332 /* MSReadhubTests */,
				BC34F12D1EF0D97E005D1332 /* MSReadhubUITests */,
				BC34F10C1EF0D97E005D1332 /* Products */,
			);
			sourceTree = "<group>";
		};
		BC34F10C1EF0D97E005D1332 /* Products */ = {
			isa = PBXGroup;
			children = (
				BC34F10B1EF0D97E005D1332 /* MSReadhub.app */,
				BC34F11F1EF0D97E005D1332 /* MSReadhubTests.xctest */,
				BC34F12A1EF0D97E005D1332 /* MSReadhubUITests.xctest */,
			);
			name = Products;
			sourceTree = "<group>";
		};
		BC34F10D1EF0D97E005D1332 /* MSReadhub */ = {
			isa = PBXGroup;
			children = (
				BC34F10E1EF0D97E005D1332 /* AppDelegate.swift */,
				BC34F1101EF0D97E005D1332 /* ViewController.swift */,
				BC34F1121EF0D97E005D1332 /* Main.storyboard */,
				BC34F1151EF0D97E005D1332 /* Assets.xcassets */,
				BC34F1171EF0D97E005D1332 /* LaunchScreen.storyboard */,
				BC34F11A1EF0D97E005D1332 /* Info.plist */,
			);
			path = MSReadhub;
			sourceTree = "<group>";
		};
		BC34F1221EF0D97E005D1332 /* MSReadhubTests */ = {
			isa = PBXGroup;
			children = (
				BC34F1231EF0D97E005D1332 /* MSReadhubTests.swift */,
				BC34F1251EF0D97E005D1332 /* Info.plist */,
			);
			path = MSReadhubTests;
			sourceTree = "<group>";
		};
		BC34F12D1EF0D97E005D1332 /* MSReadhubUITests */ = {
			isa = PBXGroup;
			children = (
				BC34F12E1EF0D97E005D1332 /* MSReadhubUITests.swift */,
				BC34F1301EF0D97E005D1332 /* Info.plist */,
			);
			path = MSReadhubUITests;
			sourceTree = "<group>";
		};
/* End PBXGroup section */

/* Begin PBXNativeTarget section */
		BC34F10A1EF0D97E005D1332 /* MSReadhub */ = {
			isa = PBXNativeTarget;
			buildConfigurationList = BC34F1331EF0D97E005D1332 /* Build configuration list for PBXNativeTarget "MSReadhub" */;
			buildPhases = (
				BC34F1071EF0D97E005D1332 /* Sources */,
				BC34F1081EF0D97E005D1332 /* Frameworks */,
				BC34F1091EF0D97E005D1332 /* Resources */,
			);
			buildRules = (
			);
			dependencies = (
			);
			name = MSReadhub;
			productName = MSReadhub;
			productReference = BC34F10B1EF0D97E005D1332 /* MSReadhub.app */;
			productType = "com.apple.product-type.application";
		};
		BC34F11E1EF0D97E005D1332 /* MSReadhubTests */ = {
			isa = PBXNativeTarget;
			buildConfigurationList = BC34F1361EF0D97E005D1332 /* Build configuration list for PBXNativeTarget "MSReadhubTests" */;
			buildPhases = (
				BC34F11B1EF0D97E005D1332 /* Sources */,
				BC34F11C1EF0D97E005D1332 /* Frameworks */,
				BC34F11D1EF0D97E005D1332 /* Resources */,
			);
			buildRules = (
			);
			dependencies = (
				BC34F1211EF0D97E005D1332 /* PBXTargetDependency */,
			);
			name = MSReadhubTests;
			productName = MSReadhubTests;
			productReference = BC34F11F1EF0D97E005D1332 /* MSReadhubTests.xctest */;
			productType = "com.apple.product-type.bundle.unit-test";
		};
		BC34F1291EF0D97E005D1332 /* MSReadhubUITests */ = {
			isa = PBXNativeTarget;
			buildConfigurationList = BC34F1391EF0D97E005D1332 /* Build configuration list for PBXNativeTarget "MSReadhubUITests" */;
			buildPhases = (
				BC34F1261EF0D97E005D1332 /* Sources */,
				BC34F1271EF0D97E005D1332 /* Frameworks */,
				BC34F1281EF0D97E005D1332 /* Resources */,
			);
			buildRules = (
			);
			dependencies = (
				BC34F12C1EF0D97E005D1332 /* PBXTargetDependency */,
			);
			name = MSReadhubUITests;
			productName = MSReadhubUITests;
			productReference = BC34F12A1EF0D97E005D1332 /* MSReadhubUITests.xctest */;
			productType = "com.apple.product-type.bundle.ui-testing";
		};
/* End PBXNativeTarget section */

/* Begin PBXProject section */
		BC34F1031EF0D97E005D1332 /* Project object */ = {
			isa = PBXProject;
			attributes = {
				LastSwiftUpdateCheck = 0830;
				LastUpgradeCheck = 0830;
				ORGANIZATIONNAME = com.ms.readhub;
				TargetAttributes = {
					BC34F10A1EF0D97E005D1332 = {
						CreatedOnToolsVersion = 8.3.2;
						ProvisioningStyle = Automatic;
					};
					BC34F11E1EF0D97E005D1332 = {
						CreatedOnToolsVersion = 8.3.2;
						ProvisioningStyle = Automatic;
						TestTargetID = BC34F10A1EF0D97E005D1332;
					};
					BC34F1291EF0D97E005D1332 = {
						CreatedOnToolsVersion = 8.3.2;
						ProvisioningStyle = Automatic;
						TestTargetID = BC34F10A1EF0D97E005D1332;
					};
				};
			};
			buildConfigurationList = BC34F1061EF0D97E005D1332 /* Build configuration list for PBXProject "MSReadhub" */;
			compatibilityVersion = "Xcode 3.2";
			developmentRegion = English;
			hasScannedForEncodings = 0;
			knownRegions = (
				en,
				Base,
			);
			mainGroup = BC34F1021EF0D97E005D1332;
			productRefGroup = BC34F10C1EF0D97E005D1332 /* Products */;
			projectDirPath = "";
			projectRoot = "";
			targets = (
				BC34F10A1EF0D97E005D1332 /* MSReadhub */,
				BC34F11E1EF0D97E005D1332 /* MSReadhubTests */,
				BC34F1291EF0D97E005D1332 /* MSReadhubUITests */,
			);
		};
/* End PBXProject section */

/* Begin PBXResourcesBuildPhase section */
		BC34F1091EF0D97E005D1332 /* Resources */ = {
			isa = PBXResourcesBuildPhase;
			buildActionMask = 2147483647;
			files = (
				BC34F1191EF0D97E005D1332 /* LaunchScreen.storyboard in Resources */,
				BC34F1161EF0D97E005D1332 /* Assets.xcassets in Resources */,
				BC34F1141EF0D97E005D1332 /* Main.storyboard in Resources */,
			);
			runOnlyForDeploymentPostprocessing = 0;
		};
		BC34F11D1EF0D97E005D1332 /* Resources */ = {
			isa = PBXResourcesBuildPhase;
			buildActionMask = 2147483647;
			files = (
			);
			runOnlyForDeploymentPostprocessing = 0;
		};
		BC34F1281EF0D97E005D1332 /* Resources */ = {
			isa = PBXResourcesBuildPhase;
			buildActionMask = 2147483647;
			files = (
			);
			runOnlyForDeploymentPostprocessing = 0;
		};
/* End PBXResourcesBuildPhase section */

/* Begin PBXSourcesBuildPhase section */
		BC34F1071EF0D97E005D1332 /* Sources */ = {
			isa = PBXSourcesBuildPhase;
			buildActionMask = 2147483647;
			files = (
				BC34F1111EF0D97E005D1332 /* ViewController.swift in Sources */,
				BC34F10F1EF0D97E005D1332 /* AppDelegate.swift in Sources */,
			);
			runOnlyForDeploymentPostprocessing = 0;
		};
		BC34F11B1EF0D97E005D1332 /* Sources */ = {
			isa = PBXSourcesBuildPhase;
			buildActionMask = 2147483647;
			files = (
				BC34F1241EF0D97E005D1332 /* MSReadhubTests.swift in Sources */,
			);
			runOnlyForDeploymentPostprocessing = 0;
		};
		BC34F1261EF0D97E005D1332 /* Sources */ = {
			isa = PBXSourcesBuildPhase;
			buildActionMask = 2147483647;
			files = (
				BC34F12F1EF0D97E005D1332 /* MSReadhubUITests.swift in Sources */,
			);
			runOnlyForDeploymentPostprocessing = 0;
		};
/* End PBXSourcesBuildPhase section */

/* Begin PBXTargetDependency section */
		BC34F1211EF0D97E005D1332 /* PBXTargetDependency */ = {
			isa = PBXTargetDependency;
			target = BC34F10A1EF0D97E005D1332 /* MSReadhub */;
			targetProxy = BC34F1201EF0D97E005D1332 /* PBXContainerItemProxy */;
		};
		BC34F12C1EF0D97E005D1332 /* PBXTargetDependency */ = {
			isa = PBXTargetDependency;
			target = BC34F10A1EF0D97E005D1332 /* MSReadhub */;
			targetProxy = BC34F12B1EF0D97E005D1332 /* PBXContainerItemProxy */;
		};
/* End PBXTargetDependency section */

/* Begin PBXVariantGroup section */
		BC34F1121EF0D97E005D1332 /* Main.storyboard */ = {
			isa = PBXVariantGroup;
			children = (
				BC34F1131EF0D97E005D1332 /* Base */,
			);
			name = Main.storyboard;
			sourceTree = "<group>";
		};
		BC34F1171EF0D97E005D1332 /* LaunchScreen.storyboard */ = {
			isa = PBXVariantGroup;
			children = (
				BC34F1181EF0D97E005D1332 /* Base */,
			);
			name = LaunchScreen.storyboard;
			sourceTree = "<group>";
		};
/* End PBXVariantGroup section */

/* Begin XCBuildConfiguration section */
		BC34F1311EF0D97E005D1332 /* Debug */ = {
			isa = XCBuildConfiguration;
			buildSettings = {
				ALWAYS_SEARCH_USER_PATHS = NO;
				CLANG_ANALYZER_NONNULL = YES;
				CLANG_ANALYZER_NUMBER_OBJECT_CONVERSION = YES_AGGRESSIVE;
				CLANG_CXX_LANGUAGE_STANDARD = "gnu++0x";
				CLANG_CXX_LIBRARY = "libc++";
				CLANG_ENABLE_MODULES = YES;
				CLANG_ENABLE_OBJC_ARC = YES;
				CLANG_WARN_BOOL_CONVERSION = YES;
				CLANG_WARN_CONSTANT_CONVERSION = YES;
				CLANG_WARN_DIRECT_OBJC_ISA_USAGE = YES_ERROR;
				CLANG_WARN_DOCUMENTATION_COMMENTS = YES;
				CLANG_WARN_EMPTY_BODY = YES;
				CLANG_WARN_ENUM_CONVERSION = YES;
				CLANG_WARN_INFINITE_RECURSION = YES;
				CLANG_WARN_INT_CONVERSION = YES;
				CLANG_WARN_OBJC_ROOT_CLASS = YES_ERROR;
				CLANG_WARN_SUSPICIOUS_MOVE = YES;
				CLANG_WARN_UNREACHABLE_CODE = YES;
				CLANG_WARN__DUPLICATE_METHOD_MATCH = YES;
				"CODE_SIGN_IDENTITY[sdk=iphoneos*]" = "iPhone Developer";
				COPY_PHASE_STRIP = NO;
				DEBUG_INFORMATION_FORMAT = dwarf;
				ENABLE_STRICT_OBJC_MSGSEND = YES;
				ENABLE_TESTABILITY = YES;
				GCC_C_LANGUAGE_STANDARD = gnu99;
				GCC_DYNAMIC_NO_PIC = NO;
				GCC_NO_COMMON_BLOCKS = YES;
				GCC_OPTIMIZATION_LEVEL = 0;
				GCC_PREPROCESSOR_DEFINITIONS = (
					"DEBUG=1",
					"$(inherited)",
				);
				GCC_WARN_64_TO_32_BIT_CONVERSION = YES;
				GCC_WARN_ABOUT_RETURN_TYPE = YES_ERROR;
				GCC_WARN_UNDECLARED_SELECTOR = YES;
				GCC_WARN_UNINITIALIZED_AUTOS = YES_AGGRESSIVE;
				GCC_WARN_UNUSED_FUNCTION = YES;
				GCC_WARN_UNUSED_VARIABLE = YES;
				IPHONEOS_DEPLOYMENT_TARGET = 10.3;
				MTL_ENABLE_DEBUG_INFO = YES;
				ONLY_ACTIVE_ARCH = YES;
				SDKROOT = iphoneos;
				SWIFT_ACTIVE_COMPILATION_CONDITIONS = DEBUG;
				SWIFT_OPTIMIZATION_LEVEL = "-Onone";
				TARGETED_DEVICE_FAMILY = "1,2";
			};
			name = Debug;
		};
		BC34F1321EF0D97E005D1332 /* Release */ = {
			isa = XCBuildConfiguration;
			buildSettings = {
				ALWAYS_SEARCH_USER_PATHS = NO;
				CLANG_ANALYZER_NONNULL = YES;
				CLANG_ANALYZER_NUMBER_OBJECT_CONVERSION = YES_AGGRESSIVE;
				CLANG_CXX_LANGUAGE_STANDARD = "gnu++0x";
				CLANG_CXX_LIBRARY = "libc++";
				CLANG_ENABLE_MODULES = YES;
				CLANG_ENABLE_OBJC_ARC = YES;
				CLANG_WARN_BOOL_CONVERSION = YES;
				CLANG_WARN_CONSTANT_CONVERSION = YES;
				CLANG_WARN_DIRECT_OBJC_ISA_USAGE = YES_ERROR;
				CLANG_WARN_DOCUMENTATION_COMMENTS = YES;
				CLANG_WARN_EMPTY_BODY = YES;
				CLANG_WARN_ENUM_CONVERSION = YES;
				CLANG_WARN_INFINITE_RECURSION = YES;
				CLANG_WARN_INT_CONVERSION = YES;
				CLANG_WARN_OBJC_ROOT_CLASS = YES_ERROR;
				CLANG_WARN_SUSPICIOUS_MOVE = YES;
				CLANG_WARN_UNREACHABLE_CODE = YES;
				CLANG_WARN__DUPLICATE_METHOD_MATCH = YES;
				"CODE_SIGN_IDENTITY[sdk=iphoneos*]" = "iPhone Developer";
				COPY_PHASE_STRIP = NO;
				DEBUG_INFORMATION_FORMAT = "dwarf-with-dsym";
				ENABLE_NS_ASSERTIONS = NO;
				ENABLE_STRICT_OBJC_MSGSEND = YES;
				GCC_C_LANGUAGE_STANDARD = gnu99;
				GCC_NO_COMMON_BLOCKS = YES;
				GCC_WARN_64_TO_32_BIT_CONVERSION = YES;
				GCC_WARN_ABOUT_RETURN_TYPE = YES_ERROR;
				GCC_WARN_UNDECLARED_SELECTOR = YES;
				GCC_WARN_UNINITIALIZED_AUTOS = YES_AGGRESSIVE;
				GCC_WARN_UNUSED_FUNCTION = YES;
				GCC_WARN_UNUSED_VARIABLE = YES;
				IPHONEOS_DEPLOYMENT_TARGET = 10.3;
				MTL_ENABLE_DEBUG_INFO = NO;
				SDKROOT = iphoneos;
				SWIFT_OPTIMIZATION_LEVEL = "-Owholemodule";
				TARGETED_DEVICE_FAMILY = "1,2";
				VALIDATE_PRODUCT = YES;
			};
			name = Release;
		};
		BC34F1341EF0D97E005D1332 /* Debug */ = {
			isa = XCBuildConfiguration;
			buildSettings = {
				ASSETCATALOG_COMPILER_APPICON_NAME = AppIcon;
				INFOPLIST_FILE = MSReadhub/Info.plist;
				LD_RUNPATH_SEARCH_PATHS = "$(inherited) @executable_path/Frameworks";
				PRODUCT_BUNDLE_IDENTIFIER = MS.MSReadhub;
				PRODUCT_NAME = "$(TARGET_NAME)";
				SWIFT_VERSION = 3.0;
			};
			name = Debug;
		};
		BC34F1351EF0D97E005D1332 /* Release */ = {
			isa = XCBuildConfiguration;
			buildSettings = {
				ASSETCATALOG_COMPILER_APPICON_NAME = AppIcon;
				INFOPLIST_FILE = MSReadhub/Info.plist;
				LD_RUNPATH_SEARCH_PATHS = "$(inherited) @executable_path/Frameworks";
				PRODUCT_BUNDLE_IDENTIFIER = MS.MSReadhub;
				PRODUCT_NAME = "$(TARGET_NAME)";
				SWIFT_VERSION = 3.0;
			};
			name = Release;
		};
		BC34F1371EF0D97E005D1332 /* Debug */ = {
			isa = XCBuildConfiguration;
			buildSettings = {
				ALWAYS_EMBED_SWIFT_STANDARD_LIBRARIES = YES;
				BUNDLE_LOADER = "$(TEST_HOST)";
				INFOPLIST_FILE = MSReadhubTests/Info.plist;
				LD_RUNPATH_SEARCH_PATHS = "$(inherited) @executable_path/Frameworks @loader_path/Frameworks";
				PRODUCT_BUNDLE_IDENTIFIER = MS.MSReadhubTests;
				PRODUCT_NAME = "$(TARGET_NAME)";
				SWIFT_VERSION = 3.0;
				TEST_HOST = "$(BUILT_PRODUCTS_DIR)/MSReadhub.app/MSReadhub";
			};
			name = Debug;
		};
		BC34F1381EF0D97E005D1332 /* Release */ = {
			isa = XCBuildConfiguration;
			buildSettings = {
				ALWAYS_EMBED_SWIFT_STANDARD_LIBRARIES = YES;
				BUNDLE_LOADER = "$(TEST_HOST)";
				INFOPLIST_FILE = MSReadhubTests/Info.plist;
				LD_RUNPATH_SEARCH_PATHS = "$(inherited) @executable_path/Frameworks @loader_path/Frameworks";
				PRODUCT_BUNDLE_IDENTIFIER = MS.MSReadhubTests;
				PRODUCT_NAME = "$(TARGET_NAME)";
				SWIFT_VERSION = 3.0;
				TEST_HOST = "$(BUILT_PRODUCTS_DIR)/MSReadhub.app/MSReadhub";
			};
			name = Release;
		};
		BC34F13A1EF0D97E005D1332 /* Debug */ = {
			isa = XCBuildConfiguration;
			buildSettings = {
				ALWAYS_EMBED_SWIFT_STANDARD_LIBRARIES = YES;
				INFOPLIST_FILE = MSReadhubUITests/Info.plist;
				LD_RUNPATH_SEARCH_PATHS = "$(inherited) @executable_path/Frameworks @loader_path/Frameworks";
				PRODUCT_BUNDLE_IDENTIFIER = MS.MSReadhubUITests;
				PRODUCT_NAME = "$(TARGET_NAME)";
				SWIFT_VERSION = 3.0;
				TEST_TARGET_NAME = MSReadhub;
			};
			name = Debug;
		};
		BC34F13B1EF0D97E005D1332 /* Release */ = {
			isa = XCBuildConfiguration;
			buildSettings = {
				ALWAYS_EMBED_SWIFT_STANDARD_LIBRARIES = YES;
				INFOPLIST_FILE = MSReadhubUITests/Info.plist;
				LD_RUNPATH_SEARCH_PATHS = "$(inherited) @executable_path/Frameworks @loader_path/Frameworks";
				PRODUCT_BUNDLE_IDENTIFIER = MS.MSReadhubUITests;
				PRODUCT_NAME = "$(TARGET_NAME)";
				SWIFT_VERSION = 3.0;
				TEST_TARGET_NAME = MSReadhub;
			};
			name = Release;
		};
/* End XCBuildConfiguration section */

/* Begin XCConfigurationList section */
		BC34F1061EF0D97E005D1332 /* Build configuration list for PBXProject "MSReadhub" */ = {
			isa = XCConfigurationList;
			buildConfigurations = (
				BC34F1311EF0D97E005D1332 /* Debug */,
				BC34F1321EF0D97E005D1332 /* Release */,
			);
			defaultConfigurationIsVisible = 0;
			defaultConfigurationName = Release;
		};
		BC34F1331EF0D97E005D1332 /* Build configuration list for PBXNativeTarget "MSReadhub" */ = {
			isa = XCConfigurationList;
			buildConfigurations = (
				BC34F1341EF0D97E005D1332 /* Debug */,
				BC34F1351EF0D97E005D1332 /* Release */,
			);
			defaultConfigurationIsVisible = 0;
		};
		BC34F1361EF0D97E005D1332 /* Build configuration list for PBXNativeTarget "MSReadhubTests" */ = {
			isa = XCConfigurationList;
			buildConfigurations = (
				BC34F1371EF0D97E005D1332 /* Debug */,
				BC34F1381EF0D97E005D1332 /* Release */,
			);
			defaultConfigurationIsVisible = 0;
		};
		BC34F1391EF0D97E005D1332 /* Build configuration list for PBXNativeTarget "MSReadhubUITests" */ = {
			isa = XCConfigurationList;
			buildConfigurations = (
				BC34F13A1EF0D97E005D1332 /* Debug */,
				BC34F13B1EF0D97E005D1332 /* Release */,
			);
			defaultConfigurationIsVisible = 0;
		};
/* End XCConfigurationList section */
	};
	rootObject = BC34F1031EF0D97E005D1332 /* Project object */;
}
