// !$*UTF8*$!
{
	archiveVersion = 1;
	classes = {
	};
	objectVersion = 46;
	objects = {

/* Begin PBXBuildFile section */
		7445208205400E07EF382FDC /* Pods_MSReadhub.framework in Frameworks */ = {isa = PBXBuildFile; fileRef = 95BEC2A073D7822F20E911EF /* Pods_MSReadhub.framework */; };
		B69DF17694818F55A14E20B6 /* Pods_MSReadhubTests.framework in Frameworks */ = {isa = PBXBuildFile; fileRef = 422A8C25D56E1A6EF56370D0 /* Pods_MSReadhubTests.framework */; };
		BC066C761EFB5FA3006FB103 /* MSMyCollectionController.swift in Sources */ = {isa = PBXBuildFile; fileRef = BC066C751EFB5FA3006FB103 /* MSMyCollectionController.swift */; };
		BC066C781EFB60A9006FB103 /* MSCollectionModel.swift in Sources */ = {isa = PBXBuildFile; fileRef = BC066C771EFB60A9006FB103 /* MSCollectionModel.swift */; };
		BC066CA21EFBC78B006FB103 /* MSCollectionCell.swift in Sources */ = {isa = PBXBuildFile; fileRef = BC066CA11EFBC78B006FB103 /* MSCollectionCell.swift */; };
		BC34F10F1EF0D97E005D1332 /* AppDelegate.swift in Sources */ = {isa = PBXBuildFile; fileRef = BC34F10E1EF0D97E005D1332 /* AppDelegate.swift */; };
		BC34F1161EF0D97E005D1332 /* Assets.xcassets in Resources */ = {isa = PBXBuildFile; fileRef = BC34F1151EF0D97E005D1332 /* Assets.xcassets */; };
		BC34F1191EF0D97E005D1332 /* LaunchScreen.storyboard in Resources */ = {isa = PBXBuildFile; fileRef = BC34F1171EF0D97E005D1332 /* LaunchScreen.storyboard */; };
		BC34F1241EF0D97E005D1332 /* MSReadhubTests.swift in Sources */ = {isa = PBXBuildFile; fileRef = BC34F1231EF0D97E005D1332 /* MSReadhubTests.swift */; };
		BC34F12F1EF0D97E005D1332 /* MSReadhubUITests.swift in Sources */ = {isa = PBXBuildFile; fileRef = BC34F12E1EF0D97E005D1332 /* MSReadhubUITests.swift */; };
		BC34F14F1EF0DCED005D1332 /* MSBaseViewController.swift in Sources */ = {isa = PBXBuildFile; fileRef = BC34F14E1EF0DCED005D1332 /* MSBaseViewController.swift */; };
		BC34F1571EF0DD88005D1332 /* MSTabBarController.swift in Sources */ = {isa = PBXBuildFile; fileRef = BC34F1561EF0DD88005D1332 /* MSTabBarController.swift */; };
		BC34F1591EF0DDBE005D1332 /* MSBaseNavigationController.swift in Sources */ = {isa = PBXBuildFile; fileRef = BC34F1581EF0DDBE005D1332 /* MSBaseNavigationController.swift */; };
		BC34F16B1EF0DEE0005D1332 /* MSTopicViewController.swift in Sources */ = {isa = PBXBuildFile; fileRef = BC34F16A1EF0DEE0005D1332 /* MSTopicViewController.swift */; };
		BC34F16D1EF0DEF6005D1332 /* MSTechViewController.swift in Sources */ = {isa = PBXBuildFile; fileRef = BC34F16C1EF0DEF6005D1332 /* MSTechViewController.swift */; };
		BC34F16F1EF0DF03005D1332 /* MSNewsViewController.swift in Sources */ = {isa = PBXBuildFile; fileRef = BC34F16E1EF0DF03005D1332 /* MSNewsViewController.swift */; };
		BC34F1711EF0DF7C005D1332 /* MSMyViewController.swift in Sources */ = {isa = PBXBuildFile; fileRef = BC34F1701EF0DF7C005D1332 /* MSMyViewController.swift */; };
		BC34F1731EF0E4FB005D1332 /* MSBaseTableViewController.swift in Sources */ = {isa = PBXBuildFile; fileRef = BC34F1721EF0E4FB005D1332 /* MSBaseTableViewController.swift */; };
		BC34F17A1EF113D6005D1332 /* NewModel.swift in Sources */ = {isa = PBXBuildFile; fileRef = BC34F1781EF113D6005D1332 /* NewModel.swift */; };
		BC34F17B1EF113D6005D1332 /* TopicModel.swift in Sources */ = {isa = PBXBuildFile; fileRef = BC34F1791EF113D6005D1332 /* TopicModel.swift */; };
		BC34F17D1EF1155C005D1332 /* MSBaseTableViewCell.swift in Sources */ = {isa = PBXBuildFile; fileRef = BC34F17C1EF1155C005D1332 /* MSBaseTableViewCell.swift */; };
		BC34F1801EF12327005D1332 /* MSTopicCell.swift in Sources */ = {isa = PBXBuildFile; fileRef = BC34F17F1EF12327005D1332 /* MSTopicCell.swift */; };
		BC4CAA511EF7746C00920EAA /* SwiftWebVCActivity.swift in Sources */ = {isa = PBXBuildFile; fileRef = BC4CAA4F1EF7746C00920EAA /* SwiftWebVCActivity.swift */; };
		BC4CAA521EF7746C00920EAA /* SwiftWebVCActivitySafari.swift in Sources */ = {isa = PBXBuildFile; fileRef = BC4CAA501EF7746C00920EAA /* SwiftWebVCActivitySafari.swift */; };
		BC4E9D8B1EF26386002B1DF1 /* MSTopicHeaderView.swift in Sources */ = {isa = PBXBuildFile; fileRef = BC4E9D8A1EF26386002B1DF1 /* MSTopicHeaderView.swift */; };
		BC4E9D8F1EF26D25002B1DF1 /* CustomLabel.swift in Sources */ = {isa = PBXBuildFile; fileRef = BC4E9D8E1EF26D25002B1DF1 /* CustomLabel.swift */; };
		BC4E9D911EF26DAD002B1DF1 /* UIDefine.swift in Sources */ = {isa = PBXBuildFile; fileRef = BC4E9D901EF26DAD002B1DF1 /* UIDefine.swift */; };
		BC4E9D931EF26FD5002B1DF1 /* ColorUtil.swift in Sources */ = {isa = PBXBuildFile; fileRef = BC4E9D921EF26FD5002B1DF1 /* ColorUtil.swift */; };
		BC4E9D951EF37B6A002B1DF1 /* MSNewsCell.swift in Sources */ = {isa = PBXBuildFile; fileRef = BC4E9D941EF37B6A002B1DF1 /* MSNewsCell.swift */; };
		BC4E9D971EF3B660002B1DF1 /* CommonUtil.swift in Sources */ = {isa = PBXBuildFile; fileRef = BC4E9D961EF3B660002B1DF1 /* CommonUtil.swift */; };
		BC4E9D991EF3BA22002B1DF1 /* MSBaseWebController.swift in Sources */ = {isa = PBXBuildFile; fileRef = BC4E9D981EF3BA22002B1DF1 /* MSBaseWebController.swift */; };
		BC4E9D9D1EF3CD79002B1DF1 /* GDWebViewController.swift in Sources */ = {isa = PBXBuildFile; fileRef = BC4E9D9B1EF3CD79002B1DF1 /* GDWebViewController.swift */; };
		BC4E9D9E1EF3CD79002B1DF1 /* GDWebViewNavigationToolbar.swift in Sources */ = {isa = PBXBuildFile; fileRef = BC4E9D9C1EF3CD79002B1DF1 /* GDWebViewNavigationToolbar.swift */; };
		BC4E9DA01EF3CD9B002B1DF1 /* MSWebViewController.swift in Sources */ = {isa = PBXBuildFile; fileRef = BC4E9D9F1EF3CD9B002B1DF1 /* MSWebViewController.swift */; };
		EDA819475F88060C3A895FA0 /* Pods_MSReadhubUITests.framework in Frameworks */ = {isa = PBXBuildFile; fileRef = 3FF2F0E9249AF2D8D167D47C /* Pods_MSReadhubUITests.framework */; };
/* End PBXBuildFile section */

/* Begin PBXContainerItemProxy section */
		BC34F1201EF0D97E005D1332 /* PBXContainerItemProxy */ = {
			isa = PBXContainerItemProxy;
			containerPortal = BC34F1031EF0D97E005D1332 /* Project object */;
			proxyType = 1;
			remoteGlobalIDString = BC34F10A1EF0D97E005D1332;
			remoteInfo = MSReadhub;
		};
		BC34F12B1EF0D97E005D1332 /* PBXContainerItemProxy */ = {
			isa = PBXContainerItemProxy;
			containerPortal = BC34F1031EF0D97E005D1332 /* Project object */;
			proxyType = 1;
			remoteGlobalIDString = BC34F10A1EF0D97E005D1332;
			remoteInfo = MSReadhub;
		};
/* End PBXContainerItemProxy section */

/* Begin PBXFileReference section */
		2A42715C1F651014C3C905FC /* Pods-MSReadhubUITests.release.xcconfig */ = {isa = PBXFileReference; includeInIndex = 1; lastKnownFileType = text.xcconfig; name = "Pods-MSReadhubUITests.release.xcconfig"; path = "Pods/Target Support Files/Pods-MSReadhubUITests/Pods-MSReadhubUITests.release.xcconfig"; sourceTree = "<group>"; };
		36A1333DFE196A7D39E21EC9 /* Pods-MSReadhubTests.release.xcconfig */ = {isa = PBXFileReference; includeInIndex = 1; lastKnownFileType = text.xcconfig; name = "Pods-MSReadhubTests.release.xcconfig"; path = "Pods/Target Support Files/Pods-MSReadhubTests/Pods-MSReadhubTests.release.xcconfig"; sourceTree = "<group>"; };
		3FF2F0E9249AF2D8D167D47C /* Pods_MSReadhubUITests.framework */ = {isa = PBXFileReference; explicitFileType = wrapper.framework; includeInIndex = 0; path = Pods_MSReadhubUITests.framework; sourceTree = BUILT_PRODUCTS_DIR; };
		422A8C25D56E1A6EF56370D0 /* Pods_MSReadhubTests.framework */ = {isa = PBXFileReference; explicitFileType = wrapper.framework; includeInIndex = 0; path = Pods_MSReadhubTests.framework; sourceTree = BUILT_PRODUCTS_DIR; };
		47FF4FE512983D017BAD6CB0 /* Pods-MSReadhubTests.debug.xcconfig */ = {isa = PBXFileReference; includeInIndex = 1; lastKnownFileType = text.xcconfig; name = "Pods-MSReadhubTests.debug.xcconfig"; path = "Pods/Target Support Files/Pods-MSReadhubTests/Pods-MSReadhubTests.debug.xcconfig"; sourceTree = "<group>"; };
		7AEAFF50BCF7032A187BEAE3 /* Pods-MSReadhub.release.xcconfig */ = {isa = PBXFileReference; includeInIndex = 1; lastKnownFileType = text.xcconfig; name = "Pods-MSReadhub.release.xcconfig"; path = "Pods/Target Support Files/Pods-MSReadhub/Pods-MSReadhub.release.xcconfig"; sourceTree = "<group>"; };
		88C6142F02132903AAD1196A /* Pods-MSReadhubUITests.debug.xcconfig */ = {isa = PBXFileReference; includeInIndex = 1; lastKnownFileType = text.xcconfig; name = "Pods-MSReadhubUITests.debug.xcconfig"; path = "Pods/Target Support Files/Pods-MSReadhubUITests/Pods-MSReadhubUITests.debug.xcconfig"; sourceTree = "<group>"; };
		95BEC2A073D7822F20E911EF /* Pods_MSReadhub.framework */ = {isa = PBXFileReference; explicitFileType = wrapper.framework; includeInIndex = 0; path = Pods_MSReadhub.framework; sourceTree = BUILT_PRODUCTS_DIR; };
		9DF25D58215F12990277F897 /* Pods-MSReadhub.debug.xcconfig */ = {isa = PBXFileReference; includeInIndex = 1; lastKnownFileType = text.xcconfig; name = "Pods-MSReadhub.debug.xcconfig"; path = "Pods/Target Support Files/Pods-MSReadhub/Pods-MSReadhub.debug.xcconfig"; sourceTree = "<group>"; };
		BC066C751EFB5FA3006FB103 /* MSMyCollectionController.swift */ = {isa = PBXFileReference; fileEncoding = 4; lastKnownFileType = sourcecode.swift; path = MSMyCollectionController.swift; sourceTree = "<group>"; };
		BC066C771EFB60A9006FB103 /* MSCollectionModel.swift */ = {isa = PBXFileReference; fileEncoding = 4; lastKnownFileType = sourcecode.swift; path = MSCollectionModel.swift; sourceTree = "<group>"; };
		BC066CA11EFBC78B006FB103 /* MSCollectionCell.swift */ = {isa = PBXFileReference; fileEncoding = 4; lastKnownFileType = sourcecode.swift; path = MSCollectionCell.swift; sourceTree = "<group>"; };
		BC34F10B1EF0D97E005D1332 /* MSReadhub.app */ = {isa = PBXFileReference; explicitFileType = wrapper.application; includeInIndex = 0; path = MSReadhub.app; sourceTree = BUILT_PRODUCTS_DIR; };
		BC34F10E1EF0D97E005D1332 /* AppDelegate.swift */ = {isa = PBXFileReference; lastKnownFileType = sourcecode.swift; name = AppDelegate.swift; path = MSReadhub/AppDelegate.swift; sourceTree = SOURCE_ROOT; };
		BC34F1151EF0D97E005D1332 /* Assets.xcassets */ = {isa = PBXFileReference; lastKnownFileType = folder.assetcatalog; name = Assets.xcassets; path = ../Assets.xcassets; sourceTree = "<group>"; };
		BC34F1181EF0D97E005D1332 /* Base */ = {isa = PBXFileReference; lastKnownFileType = file.storyboard; name = Base; path = Base.lproj/LaunchScreen.storyboard; sourceTree = "<group>"; };
		BC34F11A1EF0D97E005D1332 /* Info.plist */ = {isa = PBXFileReference; lastKnownFileType = text.plist.xml; name = Info.plist; path = ../Info.plist; sourceTree = "<group>"; };
		BC34F11F1EF0D97E005D1332 /* MSReadhubTests.xctest */ = {isa = PBXFileReference; explicitFileType = wrapper.cfbundle; includeInIndex = 0; path = MSReadhubTests.xctest; sourceTree = BUILT_PRODUCTS_DIR; };
		BC34F1231EF0D97E005D1332 /* MSReadhubTests.swift */ = {isa = PBXFileReference; lastKnownFileType = sourcecode.swift; path = MSReadhubTests.swift; sourceTree = "<group>"; };
		BC34F1251EF0D97E005D1332 /* Info.plist */ = {isa = PBXFileReference; lastKnownFileType = text.plist.xml; path = Info.plist; sourceTree = "<group>"; };
		BC34F12A1EF0D97E005D1332 /* MSReadhubUITests.xctest */ = {isa = PBXFileReference; explicitFileType = wrapper.cfbundle; includeInIndex = 0; path = MSReadhubUITests.xctest; sourceTree = BUILT_PRODUCTS_DIR; };
		BC34F12E1EF0D97E005D1332 /* MSReadhubUITests.swift */ = {isa = PBXFileReference; lastKnownFileType = sourcecode.swift; path = MSReadhubUITests.swift; sourceTree = "<group>"; };
		BC34F1301EF0D97E005D1332 /* Info.plist */ = {isa = PBXFileReference; lastKnownFileType = text.plist.xml; path = Info.plist; sourceTree = "<group>"; };
		BC34F14E1EF0DCED005D1332 /* MSBaseViewController.swift */ = {isa = PBXFileReference; fileEncoding = 4; lastKnownFileType = sourcecode.swift; path = MSBaseViewController.swift; sourceTree = "<group>"; };
		BC34F1561EF0DD88005D1332 /* MSTabBarController.swift */ = {isa = PBXFileReference; fileEncoding = 4; lastKnownFileType = sourcecode.swift; path = MSTabBarController.swift; sourceTree = "<group>"; };
		BC34F1581EF0DDBE005D1332 /* MSBaseNavigationController.swift */ = {isa = PBXFileReference; fileEncoding = 4; lastKnownFileType = sourcecode.swift; path = MSBaseNavigationController.swift; sourceTree = "<group>"; };
		BC34F16A1EF0DEE0005D1332 /* MSTopicViewController.swift */ = {isa = PBXFileReference; fileEncoding = 4; lastKnownFileType = sourcecode.swift; path = MSTopicViewController.swift; sourceTree = "<group>"; };
		BC34F16C1EF0DEF6005D1332 /* MSTechViewController.swift */ = {isa = PBXFileReference; fileEncoding = 4; lastKnownFileType = sourcecode.swift; path = MSTechViewController.swift; sourceTree = "<group>"; };
		BC34F16E1EF0DF03005D1332 /* MSNewsViewController.swift */ = {isa = PBXFileReference; fileEncoding = 4; lastKnownFileType = sourcecode.swift; path = MSNewsViewController.swift; sourceTree = "<group>"; };
		BC34F1701EF0DF7C005D1332 /* MSMyViewController.swift */ = {isa = PBXFileReference; fileEncoding = 4; lastKnownFileType = sourcecode.swift; path = MSMyViewController.swift; sourceTree = "<group>"; };
		BC34F1721EF0E4FB005D1332 /* MSBaseTableViewController.swift */ = {isa = PBXFileReference; fileEncoding = 4; lastKnownFileType = sourcecode.swift; path = MSBaseTableViewController.swift; sourceTree = "<group>"; };
		BC34F1781EF113D6005D1332 /* NewModel.swift */ = {isa = PBXFileReference; fileEncoding = 4; lastKnownFileType = sourcecode.swift; path = NewModel.swift; sourceTree = "<group>"; };
		BC34F1791EF113D6005D1332 /* TopicModel.swift */ = {isa = PBXFileReference; fileEncoding = 4; lastKnownFileType = sourcecode.swift; path = TopicModel.swift; sourceTree = "<group>"; };
		BC34F17C1EF1155C005D1332 /* MSBaseTableViewCell.swift */ = {isa = PBXFileReference; fileEncoding = 4; lastKnownFileType = sourcecode.swift; path = MSBaseTableViewCell.swift; sourceTree = "<group>"; };
		BC34F17F1EF12327005D1332 /* MSTopicCell.swift */ = {isa = PBXFileReference; fileEncoding = 4; lastKnownFileType = sourcecode.swift; path = MSTopicCell.swift; sourceTree = "<group>"; };
		BC4CAA4F1EF7746C00920EAA /* SwiftWebVCActivity.swift */ = {isa = PBXFileReference; fileEncoding = 4; lastKnownFileType = sourcecode.swift; path = SwiftWebVCActivity.swift; sourceTree = "<group>"; };
		BC4CAA501EF7746C00920EAA /* SwiftWebVCActivitySafari.swift */ = {isa = PBXFileReference; fileEncoding = 4; lastKnownFileType = sourcecode.swift; path = SwiftWebVCActivitySafari.swift; sourceTree = "<group>"; };
		BC4E9D8A1EF26386002B1DF1 /* MSTopicHeaderView.swift */ = {isa = PBXFileReference; fileEncoding = 4; lastKnownFileType = sourcecode.swift; path = MSTopicHeaderView.swift; sourceTree = "<group>"; };
		BC4E9D8E1EF26D25002B1DF1 /* CustomLabel.swift */ = {isa = PBXFileReference; fileEncoding = 4; lastKnownFileType = sourcecode.swift; path = CustomLabel.swift; sourceTree = "<group>"; };
		BC4E9D901EF26DAD002B1DF1 /* UIDefine.swift */ = {isa = PBXFileReference; fileEncoding = 4; lastKnownFileType = sourcecode.swift; path = UIDefine.swift; sourceTree = "<group>"; };
		BC4E9D921EF26FD5002B1DF1 /* ColorUtil.swift */ = {isa = PBXFileReference; fileEncoding = 4; lastKnownFileType = sourcecode.swift; path = ColorUtil.swift; sourceTree = "<group>"; };
		BC4E9D941EF37B6A002B1DF1 /* MSNewsCell.swift */ = {isa = PBXFileReference; fileEncoding = 4; lastKnownFileType = sourcecode.swift; path = MSNewsCell.swift; sourceTree = "<group>"; };
		BC4E9D961EF3B660002B1DF1 /* CommonUtil.swift */ = {isa = PBXFileReference; fileEncoding = 4; lastKnownFileType = sourcecode.swift; path = CommonUtil.swift; sourceTree = "<group>"; };
		BC4E9D981EF3BA22002B1DF1 /* MSBaseWebController.swift */ = {isa = PBXFileReference; fileEncoding = 4; lastKnownFileType = sourcecode.swift; path = MSBaseWebController.swift; sourceTree = "<group>"; };
		BC4E9D9B1EF3CD79002B1DF1 /* GDWebViewController.swift */ = {isa = PBXFileReference; fileEncoding = 4; lastKnownFileType = sourcecode.swift; path = GDWebViewController.swift; sourceTree = "<group>"; };
		BC4E9D9C1EF3CD79002B1DF1 /* GDWebViewNavigationToolbar.swift */ = {isa = PBXFileReference; fileEncoding = 4; lastKnownFileType = sourcecode.swift; path = GDWebViewNavigationToolbar.swift; sourceTree = "<group>"; };
		BC4E9D9F1EF3CD9B002B1DF1 /* MSWebViewController.swift */ = {isa = PBXFileReference; fileEncoding = 4; lastKnownFileType = sourcecode.swift; path = MSWebViewController.swift; sourceTree = "<group>"; };
/* End PBXFileReference section */

/* Begin PBXFrameworksBuildPhase section */
		BC34F1081EF0D97E005D1332 /* Frameworks */ = {
			isa = PBXFrameworksBuildPhase;
			buildActionMask = 2147483647;
			files = (
				7445208205400E07EF382FDC /* Pods_MSReadhub.framework in Frameworks */,
			);
			runOnlyForDeploymentPostprocessing = 0;
		};
		BC34F11C1EF0D97E005D1332 /* Frameworks */ = {
			isa = PBXFrameworksBuildPhase;
			buildActionMask = 2147483647;
			files = (
				B69DF17694818F55A14E20B6 /* Pods_MSReadhubTests.framework in Frameworks */,
			);
			runOnlyForDeploymentPostprocessing = 0;
		};
		BC34F1271EF0D97E005D1332 /* Frameworks */ = {
			isa = PBXFrameworksBuildPhase;
			buildActionMask = 2147483647;
			files = (
				EDA819475F88060C3A895FA0 /* Pods_MSReadhubUITests.framework in Frameworks */,
			);
			runOnlyForDeploymentPostprocessing = 0;
		};
/* End PBXFrameworksBuildPhase section */

/* Begin PBXGroup section */
		54D133E5E175BA2EB686010B /* Pods */ = {
			isa = PBXGroup;
			children = (
				9DF25D58215F12990277F897 /* Pods-MSReadhub.debug.xcconfig */,
				7AEAFF50BCF7032A187BEAE3 /* Pods-MSReadhub.release.xcconfig */,
				47FF4FE512983D017BAD6CB0 /* Pods-MSReadhubTests.debug.xcconfig */,
				36A1333DFE196A7D39E21EC9 /* Pods-MSReadhubTests.release.xcconfig */,
				88C6142F02132903AAD1196A /* Pods-MSReadhubUITests.debug.xcconfig */,
				2A42715C1F651014C3C905FC /* Pods-MSReadhubUITests.release.xcconfig */,
			);
			name = Pods;
			sourceTree = "<group>";
		};
		BC34F1021EF0D97E005D1332 = {
			isa = PBXGroup;
			children = (
				BC34F10D1EF0D97E005D1332 /* MSReadhub */,
				BC34F1221EF0D97E005D1332 /* MSReadhubTests */,
				BC34F12D1EF0D97E005D1332 /* MSReadhubUITests */,
				BC34F10C1EF0D97E005D1332 /* Products */,
				54D133E5E175BA2EB686010B /* Pods */,
				FF585CFCAAD44CEC713B8F30 /* Frameworks */,
			);
			sourceTree = "<group>";
		};
		BC34F10C1EF0D97E005D1332 /* Products */ = {
			isa = PBXGroup;
			children = (
				BC34F10B1EF0D97E005D1332 /* MSReadhub.app */,
				BC34F11F1EF0D97E005D1332 /* MSReadhubTests.xctest */,
				BC34F12A1EF0D97E005D1332 /* MSReadhubUITests.xctest */,
			);
			name = Products;
			sourceTree = "<group>";
		};
		BC34F10D1EF0D97E005D1332 /* MSReadhub */ = {
			isa = PBXGroup;
			children = (
				BC34F1451EF0DBF4005D1332 /* AppDelegate */,
				BC34F1441EF0DBF4005D1332 /* Base */,
				BC34F1431EF0DBF4005D1332 /* Define */,
				BC34F1501EF0DD43005D1332 /* Main */,
				BC34F1421EF0DBF4005D1332 /* Manager */,
				BC34F1411EF0DBF4005D1332 /* Modules */,
				BC34F14D1EF0DCB2005D1332 /* Networking */,
				BC34F1401EF0DBF4005D1332 /* Resource */,
				BC34F13F1EF0DBF4005D1332 /* SupportingFiles */,
				BC34F13E1EF0DBF4005D1332 /* ThirdParty */,
				BC34F13D1EF0DBF4005D1332 /* Utils */,
			);
			path = MSReadhub;
			sourceTree = "<group>";
		};
		BC34F1221EF0D97E005D1332 /* MSReadhubTests */ = {
			isa = PBXGroup;
			children = (
				BC34F1231EF0D97E005D1332 /* MSReadhubTests.swift */,
				BC34F1251EF0D97E005D1332 /* Info.plist */,
			);
			path = MSReadhubTests;
			sourceTree = "<group>";
		};
		BC34F12D1EF0D97E005D1332 /* MSReadhubUITests */ = {
			isa = PBXGroup;
			children = (
				BC34F12E1EF0D97E005D1332 /* MSReadhubUITests.swift */,
				BC34F1301EF0D97E005D1332 /* Info.plist */,
			);
			path = MSReadhubUITests;
			sourceTree = "<group>";
		};
		BC34F13D1EF0DBF4005D1332 /* Utils */ = {
			isa = PBXGroup;
			children = (
				BC4E9D921EF26FD5002B1DF1 /* ColorUtil.swift */,
				BC4E9D961EF3B660002B1DF1 /* CommonUtil.swift */,
			);
			path = Utils;
			sourceTree = "<group>";
		};
		BC34F13E1EF0DBF4005D1332 /* ThirdParty */ = {
			isa = PBXGroup;
			children = (
				BC4E9D9A1EF3CD79002B1DF1 /* GDWebViewController */,
			);
			path = ThirdParty;
			sourceTree = "<group>";
		};
		BC34F13F1EF0DBF4005D1332 /* SupportingFiles */ = {
			isa = PBXGroup;
			children = (
				BC34F11A1EF0D97E005D1332 /* Info.plist */,
				BC34F1171EF0D97E005D1332 /* LaunchScreen.storyboard */,
			);
			path = SupportingFiles;
			sourceTree = "<group>";
		};
		BC34F1401EF0DBF4005D1332 /* Resource */ = {
			isa = PBXGroup;
			children = (
				BC34F1151EF0D97E005D1332 /* Assets.xcassets */,
			);
			path = Resource;
			sourceTree = "<group>";
		};
		BC34F1411EF0DBF4005D1332 /* Modules */ = {
			isa = PBXGroup;
			children = (
				BC34F1661EF0DE49005D1332 /* My */,
				BC34F15A1EF0DE3A005D1332 /* News */,
				BC34F15E1EF0DE3A005D1332 /* Tech */,
				BC34F1491EF0DC82005D1332 /* Templates */,
				BC34F1621EF0DE3A005D1332 /* Topic */,
			);
			path = Modules;
			sourceTree = "<group>";
		};
		BC34F1421EF0DBF4005D1332 /* Manager */ = {
			isa = PBXGroup;
			children = (
			);
			path = Manager;
			sourceTree = "<group>";
		};
		BC34F1431EF0DBF4005D1332 /* Define */ = {
			isa = PBXGroup;
			children = (
				BC4E9D901EF26DAD002B1DF1 /* UIDefine.swift */,
			);
			path = Define;
			sourceTree = "<group>";
		};
		BC34F1441EF0DBF4005D1332 /* Base */ = {
			isa = PBXGroup;
			children = (
				BC34F1461EF0DC6D005D1332 /* Models */,
				BC34F1471EF0DC6D005D1332 /* ViewControllers */,
				BC34F1481EF0DC6D005D1332 /* Views */,
			);
			path = Base;
			sourceTree = "<group>";
		};
		BC34F1451EF0DBF4005D1332 /* AppDelegate */ = {
			isa = PBXGroup;
			children = (
				BC34F10E1EF0D97E005D1332 /* AppDelegate.swift */,
			);
			path = AppDelegate;
			sourceTree = "<group>";
		};
		BC34F1461EF0DC6D005D1332 /* Models */ = {
			isa = PBXGroup;
			children = (
				BC34F1781EF113D6005D1332 /* NewModel.swift */,
				BC34F1791EF113D6005D1332 /* TopicModel.swift */,
			);
			path = Models;
			sourceTree = "<group>";
		};
		BC34F1471EF0DC6D005D1332 /* ViewControllers */ = {
			isa = PBXGroup;
			children = (
				BC34F14E1EF0DCED005D1332 /* MSBaseViewController.swift */,
				BC34F1581EF0DDBE005D1332 /* MSBaseNavigationController.swift */,
				BC34F1721EF0E4FB005D1332 /* MSBaseTableViewController.swift */,
				BC4E9D981EF3BA22002B1DF1 /* MSBaseWebController.swift */,
				BC4E9D9F1EF3CD9B002B1DF1 /* MSWebViewController.swift */,
			);
			path = ViewControllers;
			sourceTree = "<group>";
		};
		BC34F1481EF0DC6D005D1332 /* Views */ = {
			isa = PBXGroup;
			children = (
				BC34F17C1EF1155C005D1332 /* MSBaseTableViewCell.swift */,
				BC4E9D8E1EF26D25002B1DF1 /* CustomLabel.swift */,
			);
			path = Views;
			sourceTree = "<group>";
		};
		BC34F1491EF0DC82005D1332 /* Templates */ = {
			isa = PBXGroup;
			children = (
				BC34F14A1EF0DC82005D1332 /* Models */,
				BC34F14B1EF0DC82005D1332 /* ViewControllers */,
				BC34F14C1EF0DC82005D1332 /* Views */,
			);
			path = Templates;
			sourceTree = "<group>";
		};
		BC34F14A1EF0DC82005D1332 /* Models */ = {
			isa = PBXGroup;
			children = (
			);
			path = Models;
			sourceTree = "<group>";
		};
		BC34F14B1EF0DC82005D1332 /* ViewControllers */ = {
			isa = PBXGroup;
			children = (
			);
			path = ViewControllers;
			sourceTree = "<group>";
		};
		BC34F14C1EF0DC82005D1332 /* Views */ = {
			isa = PBXGroup;
			children = (
			);
			path = Views;
			sourceTree = "<group>";
		};
		BC34F14D1EF0DCB2005D1332 /* Networking */ = {
			isa = PBXGroup;
			children = (
			);
			path = Networking;
			sourceTree = "<group>";
		};
		BC34F1501EF0DD43005D1332 /* Main */ = {
			isa = PBXGroup;
			children = (
				BC34F1511EF0DD43005D1332 /* Models */,
				BC34F1521EF0DD43005D1332 /* ViewControllers */,
				BC34F1541EF0DD43005D1332 /* Views */,
			);
			path = Main;
			sourceTree = "<group>";
		};
		BC34F1511EF0DD43005D1332 /* Models */ = {
			isa = PBXGroup;
			children = (
			);
			path = Models;
			sourceTree = "<group>";
		};
		BC34F1521EF0DD43005D1332 /* ViewControllers */ = {
			isa = PBXGroup;
			children = (
				BC34F1561EF0DD88005D1332 /* MSTabBarController.swift */,
			);
			path = ViewControllers;
			sourceTree = "<group>";
		};
		BC34F1541EF0DD43005D1332 /* Views */ = {
			isa = PBXGroup;
			children = (
			);
			path = Views;
			sourceTree = "<group>";
		};
		BC34F15A1EF0DE3A005D1332 /* News */ = {
			isa = PBXGroup;
			children = (
				BC34F15B1EF0DE3A005D1332 /* Models */,
				BC34F15C1EF0DE3A005D1332 /* ViewControllers */,
				BC34F15D1EF0DE3A005D1332 /* Views */,
			);
			path = News;
			sourceTree = "<group>";
		};
		BC34F15B1EF0DE3A005D1332 /* Models */ = {
			isa = PBXGroup;
			children = (
			);
			path = Models;
			sourceTree = "<group>";
		};
		BC34F15C1EF0DE3A005D1332 /* ViewControllers */ = {
			isa = PBXGroup;
			children = (
				BC34F16E1EF0DF03005D1332 /* MSNewsViewController.swift */,
			);
			path = ViewControllers;
			sourceTree = "<group>";
		};
		BC34F15D1EF0DE3A005D1332 /* Views */ = {
			isa = PBXGroup;
			children = (
				BC4E9D941EF37B6A002B1DF1 /* MSNewsCell.swift */,
			);
			path = Views;
			sourceTree = "<group>";
		};
		BC34F15E1EF0DE3A005D1332 /* Tech */ = {
			isa = PBXGroup;
			children = (
				BC34F15F1EF0DE3A005D1332 /* Models */,
				BC34F1601EF0DE3A005D1332 /* ViewControllers */,
				BC34F1611EF0DE3A005D1332 /* Views */,
			);
			path = Tech;
			sourceTree = "<group>";
		};
		BC34F15F1EF0DE3A005D1332 /* Models */ = {
			isa = PBXGroup;
			children = (
			);
			path = Models;
			sourceTree = "<group>";
		};
		BC34F1601EF0DE3A005D1332 /* ViewControllers */ = {
			isa = PBXGroup;
			children = (
				BC34F16C1EF0DEF6005D1332 /* MSTechViewController.swift */,
			);
			path = ViewControllers;
			sourceTree = "<group>";
		};
		BC34F1611EF0DE3A005D1332 /* Views */ = {
			isa = PBXGroup;
			children = (
			);
			path = Views;
			sourceTree = "<group>";
		};
		BC34F1621EF0DE3A005D1332 /* Topic */ = {
			isa = PBXGroup;
			children = (
				BC34F1631EF0DE3A005D1332 /* Models */,
				BC34F1641EF0DE3A005D1332 /* ViewControllers */,
				BC34F1651EF0DE3A005D1332 /* Views */,
			);
			path = Topic;
			sourceTree = "<group>";
		};
		BC34F1631EF0DE3A005D1332 /* Models */ = {
			isa = PBXGroup;
			children = (
			);
			path = Models;
			sourceTree = "<group>";
		};
		BC34F1641EF0DE3A005D1332 /* ViewControllers */ = {
			isa = PBXGroup;
			children = (
				BC34F16A1EF0DEE0005D1332 /* MSTopicViewController.swift */,
			);
			path = ViewControllers;
			sourceTree = "<group>";
		};
		BC34F1651EF0DE3A005D1332 /* Views */ = {
			isa = PBXGroup;
			children = (
				BC34F17F1EF12327005D1332 /* MSTopicCell.swift */,
				BC4E9D8A1EF26386002B1DF1 /* MSTopicHeaderView.swift */,
			);
			path = Views;
			sourceTree = "<group>";
		};
		BC34F1661EF0DE49005D1332 /* My */ = {
			isa = PBXGroup;
			children = (
				BC34F1671EF0DE49005D1332 /* Models */,
				BC34F1681EF0DE49005D1332 /* ViewControllers */,
				BC34F1691EF0DE49005D1332 /* Views */,
			);
			path = My;
			sourceTree = "<group>";
		};
		BC34F1671EF0DE49005D1332 /* Models */ = {
			isa = PBXGroup;
			children = (
				BC066C771EFB60A9006FB103 /* MSCollectionModel.swift */,
			);
			path = Models;
			sourceTree = "<group>";
		};
		BC34F1681EF0DE49005D1332 /* ViewControllers */ = {
			isa = PBXGroup;
			children = (
				BC34F1701EF0DF7C005D1332 /* MSMyViewController.swift */,
				BC066C751EFB5FA3006FB103 /* MSMyCollectionController.swift */,
			);
			path = ViewControllers;
			sourceTree = "<group>";
		};
		BC34F1691EF0DE49005D1332 /* Views */ = {
			isa = PBXGroup;
			children = (
				BC066CA11EFBC78B006FB103 /* MSCollectionCell.swift */,
			);
			path = Views;
			sourceTree = "<group>";
		};
		BC4E9D9A1EF3CD79002B1DF1 /* GDWebViewController */ = {
			isa = PBXGroup;
			children = (
				BC4CAA4F1EF7746C00920EAA /* SwiftWebVCActivity.swift */,
				BC4CAA501EF7746C00920EAA /* SwiftWebVCActivitySafari.swift */,
				BC4E9D9B1EF3CD79002B1DF1 /* GDWebViewController.swift */,
				BC4E9D9C1EF3CD79002B1DF1 /* GDWebViewNavigationToolbar.swift */,
			);
			path = GDWebViewController;
			sourceTree = "<group>";
		};
		FF585CFCAAD44CEC713B8F30 /* Frameworks */ = {
			isa = PBXGroup;
			children = (
				95BEC2A073D7822F20E911EF /* Pods_MSReadhub.framework */,
				422A8C25D56E1A6EF56370D0 /* Pods_MSReadhubTests.framework */,
				3FF2F0E9249AF2D8D167D47C /* Pods_MSReadhubUITests.framework */,
			);
			name = Frameworks;
			sourceTree = "<group>";
		};
/* End PBXGroup section */

/* Begin PBXNativeTarget section */
		BC34F10A1EF0D97E005D1332 /* MSReadhub */ = {
			isa = PBXNativeTarget;
			buildConfigurationList = BC34F1331EF0D97E005D1332 /* Build configuration list for PBXNativeTarget "MSReadhub" */;
			buildPhases = (
				C9C1AEF1E010E13135FB3A87 /* [CP] Check Pods Manifest.lock */,
				BC34F1071EF0D97E005D1332 /* Sources */,
				BC34F1081EF0D97E005D1332 /* Frameworks */,
				BC34F1091EF0D97E005D1332 /* Resources */,
				23DD23CA7F9DDDF1D52B54C2 /* [CP] Embed Pods Frameworks */,
				566A78F458395736D41195C6 /* [CP] Copy Pods Resources */,
			);
			buildRules = (
			);
			dependencies = (
			);
			name = MSReadhub;
			productName = MSReadhub;
			productReference = BC34F10B1EF0D97E005D1332 /* MSReadhub.app */;
			productType = "com.apple.product-type.application";
		};
		BC34F11E1EF0D97E005D1332 /* MSReadhubTests */ = {
			isa = PBXNativeTarget;
			buildConfigurationList = BC34F1361EF0D97E005D1332 /* Build configuration list for PBXNativeTarget "MSReadhubTests" */;
			buildPhases = (
				0B811C6D0480727C9F3FDEA7 /* [CP] Check Pods Manifest.lock */,
				BC34F11B1EF0D97E005D1332 /* Sources */,
				BC34F11C1EF0D97E005D1332 /* Frameworks */,
				BC34F11D1EF0D97E005D1332 /* Resources */,
				2E9EFD8BDF323F76F70CCEE0 /* [CP] Embed Pods Frameworks */,
				EB4BF57AB6E15CCF7DB3A5EE /* [CP] Copy Pods Resources */,
			);
			buildRules = (
			);
			dependencies = (
				BC34F1211EF0D97E005D1332 /* PBXTargetDependency */,
			);
			name = MSReadhubTests;
			productName = MSReadhubTests;
			productReference = BC34F11F1EF0D97E005D1332 /* MSReadhubTests.xctest */;
			productType = "com.apple.product-type.bundle.unit-test";
		};
		BC34F1291EF0D97E005D1332 /* MSReadhubUITests */ = {
			isa = PBXNativeTarget;
			buildConfigurationList = BC34F1391EF0D97E005D1332 /* Build configuration list for PBXNativeTarget "MSReadhubUITests" */;
			buildPhases = (
				3DCE97EDBCF6D83EC3397C42 /* [CP] Check Pods Manifest.lock */,
				BC34F1261EF0D97E005D1332 /* Sources */,
				BC34F1271EF0D97E005D1332 /* Frameworks */,
				BC34F1281EF0D97E005D1332 /* Resources */,
				448F5D497853148C931796FC /* [CP] Embed Pods Frameworks */,
				F208BAFA6D7E17EBEA7454CE /* [CP] Copy Pods Resources */,
			);
			buildRules = (
			);
			dependencies = (
				BC34F12C1EF0D97E005D1332 /* PBXTargetDependency */,
			);
			name = MSReadhubUITests;
			productName = MSReadhubUITests;
			productReference = BC34F12A1EF0D97E005D1332 /* MSReadhubUITests.xctest */;
			productType = "com.apple.product-type.bundle.ui-testing";
		};
/* End PBXNativeTarget section */

/* Begin PBXProject section */
		BC34F1031EF0D97E005D1332 /* Project object */ = {
			isa = PBXProject;
			attributes = {
				LastSwiftUpdateCheck = 0830;
				LastUpgradeCheck = 0830;
				ORGANIZATIONNAME = com.ms.readhub;
				TargetAttributes = {
					BC34F10A1EF0D97E005D1332 = {
						CreatedOnToolsVersion = 8.3.2;
						DevelopmentTeam = 86NRYD9S7M;
						ProvisioningStyle = Automatic;
					};
					BC34F11E1EF0D97E005D1332 = {
						CreatedOnToolsVersion = 8.3.2;
						ProvisioningStyle = Automatic;
						TestTargetID = BC34F10A1EF0D97E005D1332;
					};
					BC34F1291EF0D97E005D1332 = {
						CreatedOnToolsVersion = 8.3.2;
						ProvisioningStyle = Automatic;
						TestTargetID = BC34F10A1EF0D97E005D1332;
					};
				};
			};
			buildConfigurationList = BC34F1061EF0D97E005D1332 /* Build configuration list for PBXProject "MSReadhub" */;
			compatibilityVersion = "Xcode 3.2";
			developmentRegion = English;
			hasScannedForEncodings = 0;
			knownRegions = (
				en,
				Base,
			);
			mainGroup = BC34F1021EF0D97E005D1332;
			productRefGroup = BC34F10C1EF0D97E005D1332 /* Products */;
			projectDirPath = "";
			projectRoot = "";
			targets = (
				BC34F10A1EF0D97E005D1332 /* MSReadhub */,
				BC34F11E1EF0D97E005D1332 /* MSReadhubTests */,
				BC34F1291EF0D97E005D1332 /* MSReadhubUITests */,
			);
		};
/* End PBXProject section */

/* Begin PBXResourcesBuildPhase section */
		BC34F1091EF0D97E005D1332 /* Resources */ = {
			isa = PBXResourcesBuildPhase;
			buildActionMask = 2147483647;
			files = (
				BC34F1191EF0D97E005D1332 /* LaunchScreen.storyboard in Resources */,
				BC34F1161EF0D97E005D1332 /* Assets.xcassets in Resources */,
			);
			runOnlyForDeploymentPostprocessing = 0;
		};
		BC34F11D1EF0D97E005D1332 /* Resources */ = {
			isa = PBXResourcesBuildPhase;
			buildActionMask = 2147483647;
			files = (
			);
			runOnlyForDeploymentPostprocessing = 0;
		};
		BC34F1281EF0D97E005D1332 /* Resources */ = {
			isa = PBXResourcesBuildPhase;
			buildActionMask = 2147483647;
			files = (
			);
			runOnlyForDeploymentPostprocessing = 0;
		};
/* End PBXResourcesBuildPhase section */

/* Begin PBXShellScriptBuildPhase section */
		0B811C6D0480727C9F3FDEA7 /* [CP] Check Pods Manifest.lock */ = {
			isa = PBXShellScriptBuildPhase;
			buildActionMask = 2147483647;
			files = (
			);
			inputPaths = (
			);
			name = "[CP] Check Pods Manifest.lock";
			outputPaths = (
			);
			runOnlyForDeploymentPostprocessing = 0;
			shellPath = /bin/sh;
			shellScript = "diff \"${PODS_PODFILE_DIR_PATH}/Podfile.lock\" \"${PODS_ROOT}/Manifest.lock\" > /dev/null\nif [ $? != 0 ] ; then\n    # print error to STDERR\n    echo \"error: The sandbox is not in sync with the Podfile.lock. Run 'pod install' or update your CocoaPods installation.\" >&2\n    exit 1\nfi\n";
			showEnvVarsInLog = 0;
		};
		23DD23CA7F9DDDF1D52B54C2 /* [CP] Embed Pods Frameworks */ = {
			isa = PBXShellScriptBuildPhase;
			buildActionMask = 2147483647;
			files = (
			);
			inputPaths = (
			);
			name = "[CP] Embed Pods Frameworks";
			outputPaths = (
			);
			runOnlyForDeploymentPostprocessing = 0;
			shellPath = /bin/sh;
			shellScript = "\"${SRCROOT}/Pods/Target Support Files/Pods-MSReadhub/Pods-MSReadhub-frameworks.sh\"\n";
			showEnvVarsInLog = 0;
		};
		2E9EFD8BDF323F76F70CCEE0 /* [CP] Embed Pods Frameworks */ = {
			isa = PBXShellScriptBuildPhase;
			buildActionMask = 2147483647;
			files = (
			);
			inputPaths = (
			);
			name = "[CP] Embed Pods Frameworks";
			outputPaths = (
			);
			runOnlyForDeploymentPostprocessing = 0;
			shellPath = /bin/sh;
			shellScript = "\"${SRCROOT}/Pods/Target Support Files/Pods-MSReadhubTests/Pods-MSReadhubTests-frameworks.sh\"\n";
			showEnvVarsInLog = 0;
		};
		3DCE97EDBCF6D83EC3397C42 /* [CP] Check Pods Manifest.lock */ = {
			isa = PBXShellScriptBuildPhase;
			buildActionMask = 2147483647;
			files = (
			);
			inputPaths = (
			);
			name = "[CP] Check Pods Manifest.lock";
			outputPaths = (
			);
			runOnlyForDeploymentPostprocessing = 0;
			shellPath = /bin/sh;
			shellScript = "diff \"${PODS_PODFILE_DIR_PATH}/Podfile.lock\" \"${PODS_ROOT}/Manifest.lock\" > /dev/null\nif [ $? != 0 ] ; then\n    # print error to STDERR\n    echo \"error: The sandbox is not in sync with the Podfile.lock. Run 'pod install' or update your CocoaPods installation.\" >&2\n    exit 1\nfi\n";
			showEnvVarsInLog = 0;
		};
		448F5D497853148C931796FC /* [CP] Embed Pods Frameworks */ = {
			isa = PBXShellScriptBuildPhase;
			buildActionMask = 2147483647;
			files = (
			);
			inputPaths = (
			);
			name = "[CP] Embed Pods Frameworks";
			outputPaths = (
			);
			runOnlyForDeploymentPostprocessing = 0;
			shellPath = /bin/sh;
			shellScript = "\"${SRCROOT}/Pods/Target Support Files/Pods-MSReadhubUITests/Pods-MSReadhubUITests-frameworks.sh\"\n";
			showEnvVarsInLog = 0;
		};
		566A78F458395736D41195C6 /* [CP] Copy Pods Resources */ = {
			isa = PBXShellScriptBuildPhase;
			buildActionMask = 2147483647;
			files = (
			);
			inputPaths = (
			);
			name = "[CP] Copy Pods Resources";
			outputPaths = (
			);
			runOnlyForDeploymentPostprocessing = 0;
			shellPath = /bin/sh;
			shellScript = "\"${SRCROOT}/Pods/Target Support Files/Pods-MSReadhub/Pods-MSReadhub-resources.sh\"\n";
			showEnvVarsInLog = 0;
		};
		C9C1AEF1E010E13135FB3A87 /* [CP] Check Pods Manifest.lock */ = {
			isa = PBXShellScriptBuildPhase;
			buildActionMask = 2147483647;
			files = (
			);
			inputPaths = (
			);
			name = "[CP] Check Pods Manifest.lock";
			outputPaths = (
			);
			runOnlyForDeploymentPostprocessing = 0;
			shellPath = /bin/sh;
			shellScript = "diff \"${PODS_PODFILE_DIR_PATH}/Podfile.lock\" \"${PODS_ROOT}/Manifest.lock\" > /dev/null\nif [ $? != 0 ] ; then\n    # print error to STDERR\n    echo \"error: The sandbox is not in sync with the Podfile.lock. Run 'pod install' or update your CocoaPods installation.\" >&2\n    exit 1\nfi\n";
			showEnvVarsInLog = 0;
		};
		EB4BF57AB6E15CCF7DB3A5EE /* [CP] Copy Pods Resources */ = {
			isa = PBXShellScriptBuildPhase;
			buildActionMask = 2147483647;
			files = (
			);
			inputPaths = (
			);
			name = "[CP] Copy Pods Resources";
			outputPaths = (
			);
			runOnlyForDeploymentPostprocessing = 0;
			shellPath = /bin/sh;
			shellScript = "\"${SRCROOT}/Pods/Target Support Files/Pods-MSReadhubTests/Pods-MSReadhubTests-resources.sh\"\n";
			showEnvVarsInLog = 0;
		};
		F208BAFA6D7E17EBEA7454CE /* [CP] Copy Pods Resources */ = {
			isa = PBXShellScriptBuildPhase;
			buildActionMask = 2147483647;
			files = (
			);
			inputPaths = (
			);
			name = "[CP] Copy Pods Resources";
			outputPaths = (
			);
			runOnlyForDeploymentPostprocessing = 0;
			shellPath = /bin/sh;
			shellScript = "\"${SRCROOT}/Pods/Target Support Files/Pods-MSReadhubUITests/Pods-MSReadhubUITests-resources.sh\"\n";
			showEnvVarsInLog = 0;
		};
/* End PBXShellScriptBuildPhase section */

/* Begin PBXSourcesBuildPhase section */
		BC34F1071EF0D97E005D1332 /* Sources */ = {
			isa = PBXSourcesBuildPhase;
			buildActionMask = 2147483647;
			files = (
				BC34F1731EF0E4FB005D1332 /* MSBaseTableViewController.swift in Sources */,
				BC4E9D8F1EF26D25002B1DF1 /* CustomLabel.swift in Sources */,
				BC4E9D9E1EF3CD79002B1DF1 /* GDWebViewNavigationToolbar.swift in Sources */,
				BC4E9D951EF37B6A002B1DF1 /* MSNewsCell.swift in Sources */,
				BC4CAA521EF7746C00920EAA /* SwiftWebVCActivitySafari.swift in Sources */,
				BC4E9D911EF26DAD002B1DF1 /* UIDefine.swift in Sources */,
				BC4E9D8B1EF26386002B1DF1 /* MSTopicHeaderView.swift in Sources */,
				BC34F17B1EF113D6005D1332 /* TopicModel.swift in Sources */,
				BC34F17D1EF1155C005D1332 /* MSBaseTableViewCell.swift in Sources */,
				BC066C761EFB5FA3006FB103 /* MSMyCollectionController.swift in Sources */,
				BC4E9DA01EF3CD9B002B1DF1 /* MSWebViewController.swift in Sources */,
				BC34F1711EF0DF7C005D1332 /* MSMyViewController.swift in Sources */,
				BC34F16D1EF0DEF6005D1332 /* MSTechViewController.swift in Sources */,
				BC4E9D9D1EF3CD79002B1DF1 /* GDWebViewController.swift in Sources */,
				BC34F1591EF0DDBE005D1332 /* MSBaseNavigationController.swift in Sources */,
				BC4CAA511EF7746C00920EAA /* SwiftWebVCActivity.swift in Sources */,
				BC34F17A1EF113D6005D1332 /* NewModel.swift in Sources */,
				BC066CA21EFBC78B006FB103 /* MSCollectionCell.swift in Sources */,
				BC34F1801EF12327005D1332 /* MSTopicCell.swift in Sources */,
				BC066C781EFB60A9006FB103 /* MSCollectionModel.swift in Sources */,
				BC34F10F1EF0D97E005D1332 /* AppDelegate.swift in Sources */,
				BC34F16B1EF0DEE0005D1332 /* MSTopicViewController.swift in Sources */,
				BC34F14F1EF0DCED005D1332 /* MSBaseViewController.swift in Sources */,
				BC34F1571EF0DD88005D1332 /* MSTabBarController.swift in Sources */,
				BC34F16F1EF0DF03005D1332 /* MSNewsViewController.swift in Sources */,
				BC4E9D991EF3BA22002B1DF1 /* MSBaseWebController.swift in Sources */,
				BC4E9D971EF3B660002B1DF1 /* CommonUtil.swift in Sources */,
				BC4E9D931EF26FD5002B1DF1 /* ColorUtil.swift in Sources */,
			);
			runOnlyForDeploymentPostprocessing = 0;
		};
		BC34F11B1EF0D97E005D1332 /* Sources */ = {
			isa = PBXSourcesBuildPhase;
			buildActionMask = 2147483647;
			files = (
				BC34F1241EF0D97E005D1332 /* MSReadhubTests.swift in Sources */,
			);
			runOnlyForDeploymentPostprocessing = 0;
		};
		BC34F1261EF0D97E005D1332 /* Sources */ = {
			isa = PBXSourcesBuildPhase;
			buildActionMask = 2147483647;
			files = (
				BC34F12F1EF0D97E005D1332 /* MSReadhubUITests.swift in Sources */,
			);
			runOnlyForDeploymentPostprocessing = 0;
		};
/* End PBXSourcesBuildPhase section */

/* Begin PBXTargetDependency section */
		BC34F1211EF0D97E005D1332 /* PBXTargetDependency */ = {
			isa = PBXTargetDependency;
			target = BC34F10A1EF0D97E005D1332 /* MSReadhub */;
			targetProxy = BC34F1201EF0D97E005D1332 /* PBXContainerItemProxy */;
		};
		BC34F12C1EF0D97E005D1332 /* PBXTargetDependency */ = {
			isa = PBXTargetDependency;
			target = BC34F10A1EF0D97E005D1332 /* MSReadhub */;
			targetProxy = BC34F12B1EF0D97E005D1332 /* PBXContainerItemProxy */;
		};
/* End PBXTargetDependency section */

/* Begin PBXVariantGroup section */
		BC34F1171EF0D97E005D1332 /* LaunchScreen.storyboard */ = {
			isa = PBXVariantGroup;
			children = (
				BC34F1181EF0D97E005D1332 /* Base */,
			);
			name = LaunchScreen.storyboard;
			path = ..;
			sourceTree = "<group>";
		};
/* End PBXVariantGroup section */

/* Begin XCBuildConfiguration section */
		BC34F1311EF0D97E005D1332 /* Debug */ = {
			isa = XCBuildConfiguration;
			buildSettings = {
				ALWAYS_SEARCH_USER_PATHS = NO;
				CLANG_ANALYZER_NONNULL = YES;
				CLANG_ANALYZER_NUMBER_OBJECT_CONVERSION = YES_AGGRESSIVE;
				CLANG_CXX_LANGUAGE_STANDARD = "gnu++0x";
				CLANG_CXX_LIBRARY = "libc++";
				CLANG_ENABLE_MODULES = YES;
				CLANG_ENABLE_OBJC_ARC = YES;
				CLANG_WARN_BOOL_CONVERSION = YES;
				CLANG_WARN_CONSTANT_CONVERSION = YES;
				CLANG_WARN_DIRECT_OBJC_ISA_USAGE = YES_ERROR;
				CLANG_WARN_DOCUMENTATION_COMMENTS = YES;
				CLANG_WARN_EMPTY_BODY = YES;
				CLANG_WARN_ENUM_CONVERSION = YES;
				CLANG_WARN_INFINITE_RECURSION = YES;
				CLANG_WARN_INT_CONVERSION = YES;
				CLANG_WARN_OBJC_ROOT_CLASS = YES_ERROR;
				CLANG_WARN_SUSPICIOUS_MOVE = YES;
				CLANG_WARN_UNREACHABLE_CODE = YES;
				CLANG_WARN__DUPLICATE_METHOD_MATCH = YES;
				"CODE_SIGN_IDENTITY[sdk=iphoneos*]" = "iPhone Developer";
				COPY_PHASE_STRIP = NO;
				DEBUG_INFORMATION_FORMAT = dwarf;
				ENABLE_STRICT_OBJC_MSGSEND = YES;
				ENABLE_TESTABILITY = YES;
				GCC_C_LANGUAGE_STANDARD = gnu99;
				GCC_DYNAMIC_NO_PIC = NO;
				GCC_NO_COMMON_BLOCKS = YES;
				GCC_OPTIMIZATION_LEVEL = 0;
				GCC_PREPROCESSOR_DEFINITIONS = (
					"DEBUG=1",
					"$(inherited)",
				);
				GCC_WARN_64_TO_32_BIT_CONVERSION = YES;
				GCC_WARN_ABOUT_RETURN_TYPE = YES_ERROR;
				GCC_WARN_UNDECLARED_SELECTOR = YES;
				GCC_WARN_UNINITIALIZED_AUTOS = YES_AGGRESSIVE;
				GCC_WARN_UNUSED_FUNCTION = YES;
				GCC_WARN_UNUSED_VARIABLE = YES;
				IPHONEOS_DEPLOYMENT_TARGET = 8.0;
				MTL_ENABLE_DEBUG_INFO = YES;
				ONLY_ACTIVE_ARCH = YES;
				SDKROOT = iphoneos;
				SWIFT_ACTIVE_COMPILATION_CONDITIONS = DEBUG;
				SWIFT_OPTIMIZATION_LEVEL = "-Onone";
				TARGETED_DEVICE_FAMILY = "1,2";
			};
			name = Debug;
		};
		BC34F1321EF0D97E005D1332 /* Release */ = {
			isa = XCBuildConfiguration;
			buildSettings = {
				ALWAYS_SEARCH_USER_PATHS = NO;
				CLANG_ANALYZER_NONNULL = YES;
				CLANG_ANALYZER_NUMBER_OBJECT_CONVERSION = YES_AGGRESSIVE;
				CLANG_CXX_LANGUAGE_STANDARD = "gnu++0x";
				CLANG_CXX_LIBRARY = "libc++";
				CLANG_ENABLE_MODULES = YES;
				CLANG_ENABLE_OBJC_ARC = YES;
				CLANG_WARN_BOOL_CONVERSION = YES;
				CLANG_WARN_CONSTANT_CONVERSION = YES;
				CLANG_WARN_DIRECT_OBJC_ISA_USAGE = YES_ERROR;
				CLANG_WARN_DOCUMENTATION_COMMENTS = YES;
				CLANG_WARN_EMPTY_BODY = YES;
				CLANG_WARN_ENUM_CONVERSION = YES;
				CLANG_WARN_INFINITE_RECURSION = YES;
				CLANG_WARN_INT_CONVERSION = YES;
				CLANG_WARN_OBJC_ROOT_CLASS = YES_ERROR;
				CLANG_WARN_SUSPICIOUS_MOVE = YES;
				CLANG_WARN_UNREACHABLE_CODE = YES;
				CLANG_WARN__DUPLICATE_METHOD_MATCH = YES;
				"CODE_SIGN_IDENTITY[sdk=iphoneos*]" = "iPhone Developer";
				COPY_PHASE_STRIP = NO;
				DEBUG_INFORMATION_FORMAT = "dwarf-with-dsym";
				ENABLE_NS_ASSERTIONS = NO;
				ENABLE_STRICT_OBJC_MSGSEND = YES;
				GCC_C_LANGUAGE_STANDARD = gnu99;
				GCC_NO_COMMON_BLOCKS = YES;
				GCC_WARN_64_TO_32_BIT_CONVERSION = YES;
				GCC_WARN_ABOUT_RETURN_TYPE = YES_ERROR;
				GCC_WARN_UNDECLARED_SELECTOR = YES;
				GCC_WARN_UNINITIALIZED_AUTOS = YES_AGGRESSIVE;
				GCC_WARN_UNUSED_FUNCTION = YES;
				GCC_WARN_UNUSED_VARIABLE = YES;
				IPHONEOS_DEPLOYMENT_TARGET = 8.0;
				MTL_ENABLE_DEBUG_INFO = NO;
				SDKROOT = iphoneos;
				SWIFT_OPTIMIZATION_LEVEL = "-Owholemodule";
				TARGETED_DEVICE_FAMILY = "1,2";
				VALIDATE_PRODUCT = YES;
			};
			name = Release;
		};
		BC34F1341EF0D97E005D1332 /* Debug */ = {
			isa = XCBuildConfiguration;
			baseConfigurationReference = 9DF25D58215F12990277F897 /* Pods-MSReadhub.debug.xcconfig */;
			buildSettings = {
				ASSETCATALOG_COMPILER_APPICON_NAME = AppIcon;
				DEVELOPMENT_TEAM = 86NRYD9S7M;
				INFOPLIST_FILE = MSReadhub/Info.plist;
				LD_RUNPATH_SEARCH_PATHS = "$(inherited) @executable_path/Frameworks";
				PRODUCT_BUNDLE_IDENTIFIER = MS.MSReadhub;
				PRODUCT_NAME = "$(TARGET_NAME)";
				SWIFT_VERSION = 3.0;
			};
			name = Debug;
		};
		BC34F1351EF0D97E005D1332 /* Release */ = {
			isa = XCBuildConfiguration;
			baseConfigurationReference = 7AEAFF50BCF7032A187BEAE3 /* Pods-MSReadhub.release.xcconfig */;
			buildSettings = {
				ASSETCATALOG_COMPILER_APPICON_NAME = AppIcon;
				DEVELOPMENT_TEAM = 86NRYD9S7M;
				INFOPLIST_FILE = MSReadhub/Info.plist;
				LD_RUNPATH_SEARCH_PATHS = "$(inherited) @executable_path/Frameworks";
				PRODUCT_BUNDLE_IDENTIFIER = MS.MSReadhub;
				PRODUCT_NAME = "$(TARGET_NAME)";
				SWIFT_VERSION = 3.0;
			};
			name = Release;
		};
		BC34F1371EF0D97E005D1332 /* Debug */ = {
			isa = XCBuildConfiguration;
			baseConfigurationReference = 47FF4FE512983D017BAD6CB0 /* Pods-MSReadhubTests.debug.xcconfig */;
			buildSettings = {
				ALWAYS_EMBED_SWIFT_STANDARD_LIBRARIES = YES;
				BUNDLE_LOADER = "$(TEST_HOST)";
				INFOPLIST_FILE = MSReadhubTests/Info.plist;
				LD_RUNPATH_SEARCH_PATHS = "$(inherited) @executable_path/Frameworks @loader_path/Frameworks";
				PRODUCT_BUNDLE_IDENTIFIER = MS.MSReadhubTests;
				PRODUCT_NAME = "$(TARGET_NAME)";
				SWIFT_VERSION = 3.0;
				TEST_HOST = "$(BUILT_PRODUCTS_DIR)/MSReadhub.app/MSReadhub";
			};
			name = Debug;
		};
		BC34F1381EF0D97E005D1332 /* Release */ = {
			isa = XCBuildConfiguration;
			baseConfigurationReference = 36A1333DFE196A7D39E21EC9 /* Pods-MSReadhubTests.release.xcconfig */;
			buildSettings = {
				ALWAYS_EMBED_SWIFT_STANDARD_LIBRARIES = YES;
				BUNDLE_LOADER = "$(TEST_HOST)";
				INFOPLIST_FILE = MSReadhubTests/Info.plist;
				LD_RUNPATH_SEARCH_PATHS = "$(inherited) @executable_path/Frameworks @loader_path/Frameworks";
				PRODUCT_BUNDLE_IDENTIFIER = MS.MSReadhubTests;
				PRODUCT_NAME = "$(TARGET_NAME)";
				SWIFT_VERSION = 3.0;
				TEST_HOST = "$(BUILT_PRODUCTS_DIR)/MSReadhub.app/MSReadhub";
			};
			name = Release;
		};
		BC34F13A1EF0D97E005D1332 /* Debug */ = {
			isa = XCBuildConfiguration;
			baseConfigurationReference = 88C6142F02132903AAD1196A /* Pods-MSReadhubUITests.debug.xcconfig */;
			buildSettings = {
				ALWAYS_EMBED_SWIFT_STANDARD_LIBRARIES = YES;
				INFOPLIST_FILE = MSReadhubUITests/Info.plist;
				LD_RUNPATH_SEARCH_PATHS = "$(inherited) @executable_path/Frameworks @loader_path/Frameworks";
				PRODUCT_BUNDLE_IDENTIFIER = MS.MSReadhubUITests;
				PRODUCT_NAME = "$(TARGET_NAME)";
				SWIFT_VERSION = 3.0;
				TEST_TARGET_NAME = MSReadhub;
			};
			name = Debug;
		};
		BC34F13B1EF0D97E005D1332 /* Release */ = {
			isa = XCBuildConfiguration;
			baseConfigurationReference = 2A42715C1F651014C3C905FC /* Pods-MSReadhubUITests.release.xcconfig */;
			buildSettings = {
				ALWAYS_EMBED_SWIFT_STANDARD_LIBRARIES = YES;
				INFOPLIST_FILE = MSReadhubUITests/Info.plist;
				LD_RUNPATH_SEARCH_PATHS = "$(inherited) @executable_path/Frameworks @loader_path/Frameworks";
				PRODUCT_BUNDLE_IDENTIFIER = MS.MSReadhubUITests;
				PRODUCT_NAME = "$(TARGET_NAME)";
				SWIFT_VERSION = 3.0;
				TEST_TARGET_NAME = MSReadhub;
			};
			name = Release;
		};
/* End XCBuildConfiguration section */

/* Begin XCConfigurationList section */
		BC34F1061EF0D97E005D1332 /* Build configuration list for PBXProject "MSReadhub" */ = {
			isa = XCConfigurationList;
			buildConfigurations = (
				BC34F1311EF0D97E005D1332 /* Debug */,
				BC34F1321EF0D97E005D1332 /* Release */,
			);
			defaultConfigurationIsVisible = 0;
			defaultConfigurationName = Release;
		};
		BC34F1331EF0D97E005D1332 /* Build configuration list for PBXNativeTarget "MSReadhub" */ = {
			isa = XCConfigurationList;
			buildConfigurations = (
				BC34F1341EF0D97E005D1332 /* Debug */,
				BC34F1351EF0D97E005D1332 /* Release */,
			);
			defaultConfigurationIsVisible = 0;
			defaultConfigurationName = Release;
		};
		BC34F1361EF0D97E005D1332 /* Build configuration list for PBXNativeTarget "MSReadhubTests" */ = {
			isa = XCConfigurationList;
			buildConfigurations = (
				BC34F1371EF0D97E005D1332 /* Debug */,
				BC34F1381EF0D97E005D1332 /* Release */,
			);
			defaultConfigurationIsVisible = 0;
			defaultConfigurationName = Release;
		};
		BC34F1391EF0D97E005D1332 /* Build configuration list for PBXNativeTarget "MSReadhubUITests" */ = {
			isa = XCConfigurationList;
			buildConfigurations = (
				BC34F13A1EF0D97E005D1332 /* Debug */,
				BC34F13B1EF0D97E005D1332 /* Release */,
			);
			defaultConfigurationIsVisible = 0;
			defaultConfigurationName = Release;
		};
/* End XCConfigurationList section */
	};
	rootObject = BC34F1031EF0D97E005D1332 /* Project object */;
}
